
Microsoft Visual Studio Solution File, Format Version 12.00
# Visual Studio Version 17
VisualStudioVersion = 17.7.34221.43
MinimumVisualStudioVersion = 10.0.40219.1
Project("{888888A0-9F3D-457C-B088-3A5042F75D52}") = "SpaceDodge", "SpaceDodge\SpaceDodge.pyproj", "{422F6DAC-C5B3-4C42-B158-A406E43BD448}"
EndProject
Global
	GlobalSection(SolutionConfigurationPlatforms) = preSolution
		Debug|Any CPU = Debug|Any CPU
		Release|Any CPU = Release|Any CPU
	EndGlobalSection
	GlobalSection(ProjectConfigurationPlatforms) = postSolution
		{422F6DAC-C5B3-4C42-B158-A406E43BD448}.Debug|Any CPU.ActiveCfg = Debug|Any CPU
		{422F6DAC-C5B3-4C42-B158-A406E43BD448}.Release|Any CPU.ActiveCfg = Release|Any CPU
	EndGlobalSection
	GlobalSection(SolutionProperties) = preSolution
		HideSolutionNode = FALSE
	EndGlobalSection
	GlobalSection(ExtensibilityGlobals) = postSolution
		SolutionGuid = {09439B8A-30C0-4081-9632-9C65CB5983F2}
	EndGlobalSection
EndGlobal
